
Microsoft Visual Studio Solution File, Format Version 12.00
# Visual Studio Version 17
VisualStudioVersion = 17.7.34221.43
MinimumVisualStudioVersion = 10.0.40219.1
Project("{9A19103F-16F7-4668-BE54-9A1E7A4F7556}") = "StudentFeePayment.API", "StudentFeePayment.API\StudentFeePayment.API.csproj", "{2230BDB9-757D-4171-A767-983C686C4A57}"
EndProject
Global
	GlobalSection(SolutionConfigurationPlatforms) = preSolution
		Debug|Any CPU = Debug|Any CPU
		Release|Any CPU = Release|Any CPU
	EndGlobalSection
	GlobalSection(ProjectConfigurationPlatforms) = postSolution
		{2230BDB9-757D-4171-A767-983C686C4A57}.Debug|Any CPU.ActiveCfg = Debug|Any CPU
		{2230BDB9-757D-4171-A767-983C686C4A57}.Debug|Any CPU.Build.0 = Debug|Any CPU
		{2230BDB9-757D-4171-A767-983C686C4A57}.Release|Any CPU.ActiveCfg = Release|Any CPU
		{2230BDB9-757D-4171-A767-983C686C4A57}.Release|Any CPU.Build.0 = Release|Any CPU
	EndGlobalSection
	GlobalSection(SolutionProperties) = preSolution
		HideSolutionNode = FALSE
	EndGlobalSection
	GlobalSection(ExtensibilityGlobals) = postSolution
		SolutionGuid = {378493EC-FA15-413E-994A-FF61477D81E0}
	EndGlobalSection
EndGlobal
